# This file was autogenerated by Stack.
# You should not edit this file by hand.
# For more information, please see the documentation at:
#   https://docs.haskellstack.org/en/stable/lock_files

packages:
- completed:
    hackage: docstrings-0.1.0.0@sha256:4ba9c2623c6f547a5618c1780070ffcbd2116d9d26fbb5fc6ada17f334e96a00,1357
    pantry-tree:
      size: 385
      sha256: a5f785eeeca0b930b04df37825701580ba35e235435d45dad617ea5692fa3f4e
  original:
    hackage: docstrings-0.1.0.0@sha256:4ba9c2623c6f547a5618c1780070ffcbd2116d9d26fbb5fc6ada17f334e96a00,1357
snapshots:
- completed:
    size: 587113
    url: https://raw.githubusercontent.com/commercialhaskell/stackage-snapshots/master/lts/18/7.yaml
    sha256: c8617e042150e4bf412d011c234aba6189f789d0cd2bd4f1a1a9ca9a0ef5d042
  original:
    url: https://raw.githubusercontent.com/commercialhaskell/stackage-snapshots/master/lts/18/7.yaml
